// !$*UTF8*$!
{
	archiveVersion = 1;
	classes = {
	};
	objectVersion = 51;
	objects = {

/* Begin PBXBuildFile section */
		9E41AAA12597B261005145FA /* AppDelegate.swift in Sources */ = {isa = PBXBuildFile; fileRef = 9E41AAA02597B261005145FA /* AppDelegate.swift */; };
		9E41AAA32597B261005145FA /* SceneDelegate.swift in Sources */ = {isa = PBXBuildFile; fileRef = 9E41AAA22597B261005145FA /* SceneDelegate.swift */; };
		9E41AAA52597B261005145FA /* SignUpVC.swift in Sources */ = {isa = PBXBuildFile; fileRef = 9E41AAA42597B261005145FA /* SignUpVC.swift */; };
		9E41AAA82597B261005145FA /* Main.storyboard in Resources */ = {isa = PBXBuildFile; fileRef = 9E41AAA62597B261005145FA /* Main.storyboard */; };
		9E41AAAA2597B268005145FA /* Assets.xcassets in Resources */ = {isa = PBXBuildFile; fileRef = 9E41AAA92597B268005145FA /* Assets.xcassets */; };
		9E41AAAD2597B268005145FA /* LaunchScreen.storyboard in Resources */ = {isa = PBXBuildFile; fileRef = 9E41AAAB2597B268005145FA /* LaunchScreen.storyboard */; };
		9E9500C22597C45F00E1038E /* PlacesVC.swift in Sources */ = {isa = PBXBuildFile; fileRef = 9E9500C12597C45F00E1038E /* PlacesVC.swift */; };
		9E9500C72597CCD300E1038E /* select.png in Resources */ = {isa = PBXBuildFile; fileRef = 9E9500C62597CCD300E1038E /* select.png */; };
		9E9500CA2597CD3100E1038E /* DetailVC.swift in Sources */ = {isa = PBXBuildFile; fileRef = 9E9500C92597CD3100E1038E /* DetailVC.swift */; };
		9E9500CD2597CE6F00E1038E /* MapVC.swift in Sources */ = {isa = PBXBuildFile; fileRef = 9E9500CC2597CE6F00E1038E /* MapVC.swift */; };
		9E9500D12597D0DC00E1038E /* ChosenVC.swift in Sources */ = {isa = PBXBuildFile; fileRef = 9E9500D02597D0DC00E1038E /* ChosenVC.swift */; };
		9ED402022598AC8A00D4B012 /* PlaceModel.swift in Sources */ = {isa = PBXBuildFile; fileRef = 9ED402012598AC8A00D4B012 /* PlaceModel.swift */; };
		DC6E7B7026CD12987D088B47 /* Pods_PlacesBook.framework in Frameworks */ = {isa = PBXBuildFile; fileRef = 5D230869ACCBDFCF7C4F264B /* Pods_PlacesBook.framework */; };
/* End PBXBuildFile section */

/* Begin PBXFileReference section */
		5D230869ACCBDFCF7C4F264B /* Pods_PlacesBook.framework */ = {isa = PBXFileReference; explicitFileType = wrapper.framework; includeInIndex = 0; path = Pods_PlacesBook.framework; sourceTree = BUILT_PRODUCTS_DIR; };
		9E41AA9D2597B261005145FA /* PlacesBook.app */ = {isa = PBXFileReference; explicitFileType = wrapper.application; includeInIndex = 0; path = PlacesBook.app; sourceTree = BUILT_PRODUCTS_DIR; };
		9E41AAA02597B261005145FA /* AppDelegate.swift */ = {isa = PBXFileReference; lastKnownFileType = sourcecode.swift; path = AppDelegate.swift; sourceTree = "<group>"; };
		9E41AAA22597B261005145FA /* SceneDelegate.swift */ = {isa = PBXFileReference; lastKnownFileType = sourcecode.swift; path = SceneDelegate.swift; sourceTree = "<group>"; };
		9E41AAA42597B261005145FA /* SignUpVC.swift */ = {isa = PBXFileReference; lastKnownFileType = sourcecode.swift; path = SignUpVC.swift; sourceTree = "<group>"; };
		9E41AAA72597B261005145FA /* Base */ = {isa = PBXFileReference; lastKnownFileType = file.storyboard; name = Base; path = Base.lproj/Main.storyboard; sourceTree = "<group>"; };
		9E41AAA92597B268005145FA /* Assets.xcassets */ = {isa = PBXFileReference; lastKnownFileType = folder.assetcatalog; path = Assets.xcassets; sourceTree = "<group>"; };
		9E41AAAC2597B268005145FA /* Base */ = {isa = PBXFileReference; lastKnownFileType = file.storyboard; name = Base; path = Base.lproj/LaunchScreen.storyboard; sourceTree = "<group>"; };
		9E41AAAE2597B268005145FA /* Info.plist */ = {isa = PBXFileReference; lastKnownFileType = text.plist.xml; path = Info.plist; sourceTree = "<group>"; };
		9E9500C12597C45F00E1038E /* PlacesVC.swift */ = {isa = PBXFileReference; lastKnownFileType = sourcecode.swift; path = PlacesVC.swift; sourceTree = "<group>"; };
		9E9500C62597CCD300E1038E /* select.png */ = {isa = PBXFileReference; lastKnownFileType = image.png; path = select.png; sourceTree = "<group>"; };
		9E9500C92597CD3100E1038E /* DetailVC.swift */ = {isa = PBXFileReference; lastKnownFileType = sourcecode.swift; path = DetailVC.swift; sourceTree = "<group>"; };
		9E9500CC2597CE6F00E1038E /* MapVC.swift */ = {isa = PBXFileReference; lastKnownFileType = sourcecode.swift; path = MapVC.swift; sourceTree = "<group>"; };
		9E9500D02597D0DC00E1038E /* ChosenVC.swift */ = {isa = PBXFileReference; lastKnownFileType = sourcecode.swift; path = ChosenVC.swift; sourceTree = "<group>"; };
		9ED402012598AC8A00D4B012 /* PlaceModel.swift */ = {isa = PBXFileReference; lastKnownFileType = sourcecode.swift; path = PlaceModel.swift; sourceTree = "<group>"; };
		B7E63D762151790B30868FCC /* Pods-PlacesBook.release.xcconfig */ = {isa = PBXFileReference; includeInIndex = 1; lastKnownFileType = text.xcconfig; name = "Pods-PlacesBook.release.xcconfig"; path = "Target Support Files/Pods-PlacesBook/Pods-PlacesBook.release.xcconfig"; sourceTree = "<group>"; };
		E7D84F2F971A3F5FE3F2FB8A /* Pods-PlacesBook.debug.xcconfig */ = {isa = PBXFileReference; includeInIndex = 1; lastKnownFileType = text.xcconfig; name = "Pods-PlacesBook.debug.xcconfig"; path = "Target Support Files/Pods-PlacesBook/Pods-PlacesBook.debug.xcconfig"; sourceTree = "<group>"; };
/* End PBXFileReference section */

/* Begin PBXFrameworksBuildPhase section */
		9E41AA9A2597B261005145FA /* Frameworks */ = {
			isa = PBXFrameworksBuildPhase;
			buildActionMask = 2147483647;
			files = (
				DC6E7B7026CD12987D088B47 /* Pods_PlacesBook.framework in Frameworks */,
			);
			runOnlyForDeploymentPostprocessing = 0;
		};
/* End PBXFrameworksBuildPhase section */

/* Begin PBXGroup section */
		47FD6DEFA461C98595AF9910 /* Frameworks */ = {
			isa = PBXGroup;
			children = (
				5D230869ACCBDFCF7C4F264B /* Pods_PlacesBook.framework */,
			);
			name = Frameworks;
			sourceTree = "<group>";
		};
		9E41AA942597B261005145FA = {
			isa = PBXGroup;
			children = (
				9E41AA9F2597B261005145FA /* PlacesBook */,
				9E41AA9E2597B261005145FA /* Products */,
				E365625F22B901853C6F415B /* Pods */,
				47FD6DEFA461C98595AF9910 /* Frameworks */,
			);
			sourceTree = "<group>";
		};
		9E41AA9E2597B261005145FA /* Products */ = {
			isa = PBXGroup;
			children = (
				9E41AA9D2597B261005145FA /* PlacesBook.app */,
			);
			name = Products;
			sourceTree = "<group>";
		};
		9E41AA9F2597B261005145FA /* PlacesBook */ = {
			isa = PBXGroup;
			children = (
				9E41AAA02597B261005145FA /* AppDelegate.swift */,
				9E41AAA22597B261005145FA /* SceneDelegate.swift */,
				9E9500C12597C45F00E1038E /* PlacesVC.swift */,
				9E41AAA42597B261005145FA /* SignUpVC.swift */,
				9E9500C92597CD3100E1038E /* DetailVC.swift */,
				9E9500CC2597CE6F00E1038E /* MapVC.swift */,
				9E9500D02597D0DC00E1038E /* ChosenVC.swift */,
				9E41AAA62597B261005145FA /* Main.storyboard */,
				9E41AAA92597B268005145FA /* Assets.xcassets */,
				9E41AAAB2597B268005145FA /* LaunchScreen.storyboard */,
				9E9500C62597CCD300E1038E /* select.png */,
				9E41AAAE2597B268005145FA /* Info.plist */,
				9ED402012598AC8A00D4B012 /* PlaceModel.swift */,
			);
			path = PlacesBook;
			sourceTree = "<group>";
		};
		E365625F22B901853C6F415B /* Pods */ = {
			isa = PBXGroup;
			children = (
				E7D84F2F971A3F5FE3F2FB8A /* Pods-PlacesBook.debug.xcconfig */,
				B7E63D762151790B30868FCC /* Pods-PlacesBook.release.xcconfig */,
			);
			path = Pods;
			sourceTree = "<group>";
		};
/* End PBXGroup section */

/* Begin PBXNativeTarget section */
		9E41AA9C2597B261005145FA /* PlacesBook */ = {
			isa = PBXNativeTarget;
			buildConfigurationList = 9E41AAB12597B268005145FA /* Build configuration list for PBXNativeTarget "PlacesBook" */;
			buildPhases = (
				48BD54CFE3F663C93965721A /* [CP] Check Pods Manifest.lock */,
				9E41AA992597B261005145FA /* Sources */,
				9E41AA9A2597B261005145FA /* Frameworks */,
				9E41AA9B2597B261005145FA /* Resources */,
				1D69997AEE0BA062545BFA91 /* [CP] Embed Pods Frameworks */,
			);
			buildRules = (
			);
			dependencies = (
			);
			name = PlacesBook;
			productName = PlacesBook;
			productReference = 9E41AA9D2597B261005145FA /* PlacesBook.app */;
			productType = "com.apple.product-type.application";
		};
/* End PBXNativeTarget section */

/* Begin PBXProject section */
		9E41AA952597B261005145FA /* Project object */ = {
			isa = PBXProject;
			attributes = {
				LastSwiftUpdateCheck = 1220;
				LastUpgradeCheck = 1220;
				TargetAttributes = {
					9E41AA9C2597B261005145FA = {
						CreatedOnToolsVersion = 12.2;
					};
				};
			};
			buildConfigurationList = 9E41AA982597B261005145FA /* Build configuration list for PBXProject "PlacesBook" */;
			compatibilityVersion = "Xcode 9.3";
			developmentRegion = en;
			hasScannedForEncodings = 0;
			knownRegions = (
				en,
				Base,
			);
			mainGroup = 9E41AA942597B261005145FA;
			productRefGroup = 9E41AA9E2597B261005145FA /* Products */;
			projectDirPath = "";
			projectRoot = "";
			targets = (
				9E41AA9C2597B261005145FA /* PlacesBook */,
			);
		};
/* End PBXProject section */

/* Begin PBXResourcesBuildPhase section */
		9E41AA9B2597B261005145FA /* Resources */ = {
			isa = PBXResourcesBuildPhase;
			buildActionMask = 2147483647;
			files = (
				9E41AAAD2597B268005145FA /* LaunchScreen.storyboard in Resources */,
				9E9500C72597CCD300E1038E /* select.png in Resources */,
				9E41AAAA2597B268005145FA /* Assets.xcassets in Resources */,
				9E41AAA82597B261005145FA /* Main.storyboard in Resources */,
			);
			runOnlyForDeploymentPostprocessing = 0;
		};
/* End PBXResourcesBuildPhase section */

/* Begin PBXShellScriptBuildPhase section */
		1D69997AEE0BA062545BFA91 /* [CP] Embed Pods Frameworks */ = {
			isa = PBXShellScriptBuildPhase;
			buildActionMask = 2147483647;
			files = (
			);
			inputFileListPaths = (
				"${PODS_ROOT}/Target Support Files/Pods-PlacesBook/Pods-PlacesBook-frameworks-${CONFIGURATION}-input-files.xcfilelist",
			);
			name = "[CP] Embed Pods Frameworks";
			outputFileListPaths = (
				"${PODS_ROOT}/Target Support Files/Pods-PlacesBook/Pods-PlacesBook-frameworks-${CONFIGURATION}-output-files.xcfilelist",
			);
			runOnlyForDeploymentPostprocessing = 0;
			shellPath = /bin/sh;
			shellScript = "\"${PODS_ROOT}/Target Support Files/Pods-PlacesBook/Pods-PlacesBook-frameworks.sh\"\n";
			showEnvVarsInLog = 0;
		};
		48BD54CFE3F663C93965721A /* [CP] Check Pods Manifest.lock */ = {
			isa = PBXShellScriptBuildPhase;
			buildActionMask = 2147483647;
			files = (
			);
			inputFileListPaths = (
			);
			inputPaths = (
				"${PODS_PODFILE_DIR_PATH}/Podfile.lock",
				"${PODS_ROOT}/Manifest.lock",
			);
			name = "[CP] Check Pods Manifest.lock";
			outputFileListPaths = (
			);
			outputPaths = (
				"$(DERIVED_FILE_DIR)/Pods-PlacesBook-checkManifestLockResult.txt",
			);
			runOnlyForDeploymentPostprocessing = 0;
			shellPath = /bin/sh;
			shellScript = "diff \"${PODS_PODFILE_DIR_PATH}/Podfile.lock\" \"${PODS_ROOT}/Manifest.lock\" > /dev/null\nif [ $? != 0 ] ; then\n    # print error to STDERR\n    echo \"error: The sandbox is not in sync with the Podfile.lock. Run 'pod install' or update your CocoaPods installation.\" >&2\n    exit 1\nfi\n# This output is used by Xcode 'outputs' to avoid re-running this script phase.\necho \"SUCCESS\" > \"${SCRIPT_OUTPUT_FILE_0}\"\n";
			showEnvVarsInLog = 0;
		};
/* End PBXShellScriptBuildPhase section */

/* Begin PBXSourcesBuildPhase section */
		9E41AA992597B261005145FA /* Sources */ = {
			isa = PBXSourcesBuildPhase;
			buildActionMask = 2147483647;
			files = (
				9E9500CA2597CD3100E1038E /* DetailVC.swift in Sources */,
				9ED402022598AC8A00D4B012 /* PlaceModel.swift in Sources */,
				9E9500CD2597CE6F00E1038E /* MapVC.swift in Sources */,
				9E41AAA52597B261005145FA /* SignUpVC.swift in Sources */,
				9E41AAA12597B261005145FA /* AppDelegate.swift in Sources */,
				9E9500D12597D0DC00E1038E /* ChosenVC.swift in Sources */,
				9E9500C22597C45F00E1038E /* PlacesVC.swift in Sources */,
				9E41AAA32597B261005145FA /* SceneDelegate.swift in Sources */,
			);
			runOnlyForDeploymentPostprocessing = 0;
		};
/* End PBXSourcesBuildPhase section */

/* Begin PBXVariantGroup section */
		9E41AAA62597B261005145FA /* Main.storyboard */ = {
			isa = PBXVariantGroup;
			children = (
				9E41AAA72597B261005145FA /* Base */,
			);
			name = Main.storyboard;
			sourceTree = "<group>";
		};
		9E41AAAB2597B268005145FA /* LaunchScreen.storyboard */ = {
			isa = PBXVariantGroup;
			children = (
				9E41AAAC2597B268005145FA /* Base */,
			);
			name = LaunchScreen.storyboard;
			sourceTree = "<group>";
		};
/* End PBXVariantGroup section */

/* Begin XCBuildConfiguration section */
		9E41AAAF2597B268005145FA /* Debug */ = {
			isa = XCBuildConfiguration;
			buildSettings = {
				ALWAYS_SEARCH_USER_PATHS = NO;
				CLANG_ANALYZER_NONNULL = YES;
				CLANG_ANALYZER_NUMBER_OBJECT_CONVERSION = YES_AGGRESSIVE;
				CLANG_CXX_LANGUAGE_STANDARD = "gnu++14";
				CLANG_CXX_LIBRARY = "libc++";
				CLANG_ENABLE_MODULES = YES;
				CLANG_ENABLE_OBJC_ARC = YES;
				CLANG_ENABLE_OBJC_WEAK = YES;
				CLANG_WARN_BLOCK_CAPTURE_AUTORELEASING = YES;
				CLANG_WARN_BOOL_CONVERSION = YES;
				CLANG_WARN_COMMA = YES;
				CLANG_WARN_CONSTANT_CONVERSION = YES;
				CLANG_WARN_DEPRECATED_OBJC_IMPLEMENTATIONS = YES;
				CLANG_WARN_DIRECT_OBJC_ISA_USAGE = YES_ERROR;
				CLANG_WARN_DOCUMENTATION_COMMENTS = YES;
				CLANG_WARN_EMPTY_BODY = YES;
				CLANG_WARN_ENUM_CONVERSION = YES;
				CLANG_WARN_INFINITE_RECURSION = YES;
				CLANG_WARN_INT_CONVERSION = YES;
				CLANG_WARN_NON_LITERAL_NULL_CONVERSION = YES;
				CLANG_WARN_OBJC_IMPLICIT_RETAIN_SELF = YES;
				CLANG_WARN_OBJC_LITERAL_CONVERSION = YES;
				CLANG_WARN_OBJC_ROOT_CLASS = YES_ERROR;
				CLANG_WARN_QUOTED_INCLUDE_IN_FRAMEWORK_HEADER = YES;
				CLANG_WARN_RANGE_LOOP_ANALYSIS = YES;
				CLANG_WARN_STRICT_PROTOTYPES = YES;
				CLANG_WARN_SUSPICIOUS_MOVE = YES;
				CLANG_WARN_UNGUARDED_AVAILABILITY = YES_AGGRESSIVE;
				CLANG_WARN_UNREACHABLE_CODE = YES;
				CLANG_WARN__DUPLICATE_METHOD_MATCH = YES;
				COPY_PHASE_STRIP = NO;
				DEBUG_INFORMATION_FORMAT = dwarf;
				ENABLE_STRICT_OBJC_MSGSEND = YES;
				ENABLE_TESTABILITY = YES;
				GCC_C_LANGUAGE_STANDARD = gnu11;
				GCC_DYNAMIC_NO_PIC = NO;
				GCC_NO_COMMON_BLOCKS = YES;
				GCC_OPTIMIZATION_LEVEL = 0;
				GCC_PREPROCESSOR_DEFINITIONS = (
					"DEBUG=1",
					"$(inherited)",
				);
				GCC_WARN_64_TO_32_BIT_CONVERSION = YES;
				GCC_WARN_ABOUT_RETURN_TYPE = YES_ERROR;
				GCC_WARN_UNDECLARED_SELECTOR = YES;
				GCC_WARN_UNINITIALIZED_AUTOS = YES_AGGRESSIVE;
				GCC_WARN_UNUSED_FUNCTION = YES;
				GCC_WARN_UNUSED_VARIABLE = YES;
				IPHONEOS_DEPLOYMENT_TARGET = 14.2;
				MTL_ENABLE_DEBUG_INFO = INCLUDE_SOURCE;
				MTL_FAST_MATH = YES;
				ONLY_ACTIVE_ARCH = YES;
				SDKROOT = iphoneos;
				SWIFT_ACTIVE_COMPILATION_CONDITIONS = DEBUG;
				SWIFT_OPTIMIZATION_LEVEL = "-Onone";
			};
			name = Debug;
		};
		9E41AAB02597B268005145FA /* Release */ = {
			isa = XCBuildConfiguration;
			buildSettings = {
				ALWAYS_SEARCH_USER_PATHS = NO;
				CLANG_ANALYZER_NONNULL = YES;
				CLANG_ANALYZER_NUMBER_OBJECT_CONVERSION = YES_AGGRESSIVE;
				CLANG_CXX_LANGUAGE_STANDARD = "gnu++14";
				CLANG_CXX_LIBRARY = "libc++";
				CLANG_ENABLE_MODULES = YES;
				CLANG_ENABLE_OBJC_ARC = YES;
				CLANG_ENABLE_OBJC_WEAK = YES;
				CLANG_WARN_BLOCK_CAPTURE_AUTORELEASING = YES;
				CLANG_WARN_BOOL_CONVERSION = YES;
				CLANG_WARN_COMMA = YES;
				CLANG_WARN_CONSTANT_CONVERSION = YES;
				CLANG_WARN_DEPRECATED_OBJC_IMPLEMENTATIONS = YES;
				CLANG_WARN_DIRECT_OBJC_ISA_USAGE = YES_ERROR;
				CLANG_WARN_DOCUMENTATION_COMMENTS = YES;
				CLANG_WARN_EMPTY_BODY = YES;
				CLANG_WARN_ENUM_CONVERSION = YES;
				CLANG_WARN_INFINITE_RECURSION = YES;
				CLANG_WARN_INT_CONVERSION = YES;
				CLANG_WARN_NON_LITERAL_NULL_CONVERSION = YES;
				CLANG_WARN_OBJC_IMPLICIT_RETAIN_SELF = YES;
				CLANG_WARN_OBJC_LITERAL_CONVERSION = YES;
				CLANG_WARN_OBJC_ROOT_CLASS = YES_ERROR;
				CLANG_WARN_QUOTED_INCLUDE_IN_FRAMEWORK_HEADER = YES;
				CLANG_WARN_RANGE_LOOP_ANALYSIS = YES;
				CLANG_WARN_STRICT_PROTOTYPES = YES;
				CLANG_WARN_SUSPICIOUS_MOVE = YES;
				CLANG_WARN_UNGUARDED_AVAILABILITY = YES_AGGRESSIVE;
				CLANG_WARN_UNREACHABLE_CODE = YES;
				CLANG_WARN__DUPLICATE_METHOD_MATCH = YES;
				COPY_PHASE_STRIP = NO;
				DEBUG_INFORMATION_FORMAT = "dwarf-with-dsym";
				ENABLE_NS_ASSERTIONS = NO;
				ENABLE_STRICT_OBJC_MSGSEND = YES;
				GCC_C_LANGUAGE_STANDARD = gnu11;
				GCC_NO_COMMON_BLOCKS = YES;
				GCC_WARN_64_TO_32_BIT_CONVERSION = YES;
				GCC_WARN_ABOUT_RETURN_TYPE = YES_ERROR;
				GCC_WARN_UNDECLARED_SELECTOR = YES;
				GCC_WARN_UNINITIALIZED_AUTOS = YES_AGGRESSIVE;
				GCC_WARN_UNUSED_FUNCTION = YES;
				GCC_WARN_UNUSED_VARIABLE = YES;
				IPHONEOS_DEPLOYMENT_TARGET = 14.2;
				MTL_ENABLE_DEBUG_INFO = NO;
				MTL_FAST_MATH = YES;
				SDKROOT = iphoneos;
				SWIFT_COMPILATION_MODE = wholemodule;
				SWIFT_OPTIMIZATION_LEVEL = "-O";
				VALIDATE_PRODUCT = YES;
			};
			name = Release;
		};
		9E41AAB22597B268005145FA /* Debug */ = {
			isa = XCBuildConfiguration;
			baseConfigurationReference = E7D84F2F971A3F5FE3F2FB8A /* Pods-PlacesBook.debug.xcconfig */;
			buildSettings = {
				ASSETCATALOG_COMPILER_APPICON_NAME = AppIcon;
				ASSETCATALOG_COMPILER_GLOBAL_ACCENT_COLOR_NAME = AccentColor;
				CODE_SIGN_STYLE = Automatic;
				DEVELOPMENT_TEAM = 488P939BJ9;
				INFOPLIST_FILE = PlacesBook/Info.plist;
				LD_RUNPATH_SEARCH_PATHS = (
					"$(inherited)",
					"@executable_path/Frameworks",
				);
				PRODUCT_BUNDLE_IDENTIFIER = bengisukarakilinc.PlacesBook;
				PRODUCT_NAME = "$(TARGET_NAME)";
				SWIFT_VERSION = 5.0;
				TARGETED_DEVICE_FAMILY = "1,2";
			};
			name = Debug;
		};
		9E41AAB32597B268005145FA /* Release */ = {
			isa = XCBuildConfiguration;
			baseConfigurationReference = B7E63D762151790B30868FCC /* Pods-PlacesBook.release.xcconfig */;
			buildSettings = {
				ASSETCATALOG_COMPILER_APPICON_NAME = AppIcon;
				ASSETCATALOG_COMPILER_GLOBAL_ACCENT_COLOR_NAME = AccentColor;
				CODE_SIGN_STYLE = Automatic;
				DEVELOPMENT_TEAM = 488P939BJ9;
				INFOPLIST_FILE = PlacesBook/Info.plist;
				LD_RUNPATH_SEARCH_PATHS = (
					"$(inherited)",
					"@executable_path/Frameworks",
				);
				PRODUCT_BUNDLE_IDENTIFIER = bengisukarakilinc.PlacesBook;
				PRODUCT_NAME = "$(TARGET_NAME)";
				SWIFT_VERSION = 5.0;
				TARGETED_DEVICE_FAMILY = "1,2";
			};
			name = Release;
		};
/* End XCBuildConfiguration section */

/* Begin XCConfigurationList section */
		9E41AA982597B261005145FA /* Build configuration list for PBXProject "PlacesBook" */ = {
			isa = XCConfigurationList;
			buildConfigurations = (
				9E41AAAF2597B268005145FA /* Debug */,
				9E41AAB02597B268005145FA /* Release */,
			);
			defaultConfigurationIsVisible = 0;
			defaultConfigurationName = Release;
		};
		9E41AAB12597B268005145FA /* Build configuration list for PBXNativeTarget "PlacesBook" */ = {
			isa = XCConfigurationList;
			buildConfigurations = (
				9E41AAB22597B268005145FA /* Debug */,
				9E41AAB32597B268005145FA /* Release */,
			);
			defaultConfigurationIsVisible = 0;
			defaultConfigurationName = Release;
		};
/* End XCConfigurationList section */
	};
	rootObject = 9E41AA952597B261005145FA /* Project object */;
}
